// !$*UTF8*$!
{
	archiveVersion = 1;
	classes = {
	};
	objectVersion = 48;
	objects = {

/* Begin PBXBuildFile section */
		767BAE97203DCFA10065A6C1 /* AppDelegate.swift in Sources */ = {isa = PBXBuildFile; fileRef = 767BAE96203DCFA10065A6C1 /* AppDelegate.swift */; };
		767BAE99203DCFA10065A6C1 /* ViewController.swift in Sources */ = {isa = PBXBuildFile; fileRef = 767BAE98203DCFA10065A6C1 /* ViewController.swift */; };
		767BAE9C203DCFA10065A6C1 /* Main.storyboard in Resources */ = {isa = PBXBuildFile; fileRef = 767BAE9A203DCFA10065A6C1 /* Main.storyboard */; };
		767BAE9E203DCFA10065A6C1 /* Assets.xcassets in Resources */ = {isa = PBXBuildFile; fileRef = 767BAE9D203DCFA10065A6C1 /* Assets.xcassets */; };
		767BAEA1203DCFA10065A6C1 /* LaunchScreen.storyboard in Resources */ = {isa = PBXBuildFile; fileRef = 767BAE9F203DCFA10065A6C1 /* LaunchScreen.storyboard */; };
		767BAEAC203DCFA10065A6C1 /* TouchTrackerTests.swift in Sources */ = {isa = PBXBuildFile; fileRef = 767BAEAB203DCFA10065A6C1 /* TouchTrackerTests.swift */; };
		767BAEB7203DCFA10065A6C1 /* TouchTrackerUITests.swift in Sources */ = {isa = PBXBuildFile; fileRef = 767BAEB6203DCFA10065A6C1 /* TouchTrackerUITests.swift */; };
		767BAEC5203DD00F0065A6C1 /* Line.swift in Sources */ = {isa = PBXBuildFile; fileRef = 767BAEC4203DD00F0065A6C1 /* Line.swift */; };
		767BAEC7203DD09E0065A6C1 /* DrawView.swift in Sources */ = {isa = PBXBuildFile; fileRef = 767BAEC6203DD09E0065A6C1 /* DrawView.swift */; };
/* End PBXBuildFile section */

/* Begin PBXContainerItemProxy section */
		767BAEA8203DCFA10065A6C1 /* PBXContainerItemProxy */ = {
			isa = PBXContainerItemProxy;
			containerPortal = 767BAE8B203DCFA10065A6C1 /* Project object */;
			proxyType = 1;
			remoteGlobalIDString = 767BAE92203DCFA10065A6C1;
			remoteInfo = TouchTracker;
		};
		767BAEB3203DCFA10065A6C1 /* PBXContainerItemProxy */ = {
			isa = PBXContainerItemProxy;
			containerPortal = 767BAE8B203DCFA10065A6C1 /* Project object */;
			proxyType = 1;
			remoteGlobalIDString = 767BAE92203DCFA10065A6C1;
			remoteInfo = TouchTracker;
		};
/* End PBXContainerItemProxy section */

/* Begin PBXFileReference section */
		767BAE93203DCFA10065A6C1 /* TouchTracker.app */ = {isa = PBXFileReference; explicitFileType = wrapper.application; includeInIndex = 0; path = TouchTracker.app; sourceTree = BUILT_PRODUCTS_DIR; };
		767BAE96203DCFA10065A6C1 /* AppDelegate.swift */ = {isa = PBXFileReference; lastKnownFileType = sourcecode.swift; path = AppDelegate.swift; sourceTree = "<group>"; };
		767BAE98203DCFA10065A6C1 /* ViewController.swift */ = {isa = PBXFileReference; lastKnownFileType = sourcecode.swift; path = ViewController.swift; sourceTree = "<group>"; };
		767BAE9B203DCFA10065A6C1 /* Base */ = {isa = PBXFileReference; lastKnownFileType = file.storyboard; name = Base; path = Base.lproj/Main.storyboard; sourceTree = "<group>"; };
		767BAE9D203DCFA10065A6C1 /* Assets.xcassets */ = {isa = PBXFileReference; lastKnownFileType = folder.assetcatalog; path = Assets.xcassets; sourceTree = "<group>"; };
		767BAEA0203DCFA10065A6C1 /* Base */ = {isa = PBXFileReference; lastKnownFileType = file.storyboard; name = Base; path = Base.lproj/LaunchScreen.storyboard; sourceTree = "<group>"; };
		767BAEA2203DCFA10065A6C1 /* Info.plist */ = {isa = PBXFileReference; lastKnownFileType = text.plist.xml; path = Info.plist; sourceTree = "<group>"; };
		767BAEA7203DCFA10065A6C1 /* TouchTrackerTests.xctest */ = {isa = PBXFileReference; explicitFileType = wrapper.cfbundle; includeInIndex = 0; path = TouchTrackerTests.xctest; sourceTree = BUILT_PRODUCTS_DIR; };
		767BAEAB203DCFA10065A6C1 /* TouchTrackerTests.swift */ = {isa = PBXFileReference; lastKnownFileType = sourcecode.swift; path = TouchTrackerTests.swift; sourceTree = "<group>"; };
		767BAEAD203DCFA10065A6C1 /* Info.plist */ = {isa = PBXFileReference; lastKnownFileType = text.plist.xml; path = Info.plist; sourceTree = "<group>"; };
		767BAEB2203DCFA10065A6C1 /* TouchTrackerUITests.xctest */ = {isa = PBXFileReference; explicitFileType = wrapper.cfbundle; includeInIndex = 0; path = TouchTrackerUITests.xctest; sourceTree = BUILT_PRODUCTS_DIR; };
		767BAEB6203DCFA10065A6C1 /* TouchTrackerUITests.swift */ = {isa = PBXFileReference; lastKnownFileType = sourcecode.swift; path = TouchTrackerUITests.swift; sourceTree = "<group>"; };
		767BAEB8203DCFA10065A6C1 /* Info.plist */ = {isa = PBXFileReference; lastKnownFileType = text.plist.xml; path = Info.plist; sourceTree = "<group>"; };
		767BAEC4203DD00F0065A6C1 /* Line.swift */ = {isa = PBXFileReference; lastKnownFileType = sourcecode.swift; path = Line.swift; sourceTree = "<group>"; };
		767BAEC6203DD09E0065A6C1 /* DrawView.swift */ = {isa = PBXFileReference; lastKnownFileType = sourcecode.swift; path = DrawView.swift; sourceTree = "<group>"; };
/* End PBXFileReference section */

/* Begin PBXFrameworksBuildPhase section */
		767BAE90203DCFA10065A6C1 /* Frameworks */ = {
			isa = PBXFrameworksBuildPhase;
			buildActionMask = 2147483647;
			files = (
			);
			runOnlyForDeploymentPostprocessing = 0;
		};
		767BAEA4203DCFA10065A6C1 /* Frameworks */ = {
			isa = PBXFrameworksBuildPhase;
			buildActionMask = 2147483647;
			files = (
			);
			runOnlyForDeploymentPostprocessing = 0;
		};
		767BAEAF203DCFA10065A6C1 /* Frameworks */ = {
			isa = PBXFrameworksBuildPhase;
			buildActionMask = 2147483647;
			files = (
			);
			runOnlyForDeploymentPostprocessing = 0;
		};
/* End PBXFrameworksBuildPhase section */

/* Begin PBXGroup section */
		767BAE8A203DCFA10065A6C1 = {
			isa = PBXGroup;
			children = (
				767BAE95203DCFA10065A6C1 /* TouchTracker */,
				767BAEAA203DCFA10065A6C1 /* TouchTrackerTests */,
				767BAEB5203DCFA10065A6C1 /* TouchTrackerUITests */,
				767BAE94203DCFA10065A6C1 /* Products */,
			);
			sourceTree = "<group>";
		};
		767BAE94203DCFA10065A6C1 /* Products */ = {
			isa = PBXGroup;
			children = (
				767BAE93203DCFA10065A6C1 /* TouchTracker.app */,
				767BAEA7203DCFA10065A6C1 /* TouchTrackerTests.xctest */,
				767BAEB2203DCFA10065A6C1 /* TouchTrackerUITests.xctest */,
			);
			name = Products;
			sourceTree = "<group>";
		};
		767BAE95203DCFA10065A6C1 /* TouchTracker */ = {
			isa = PBXGroup;
			children = (
				767BAEC4203DD00F0065A6C1 /* Line.swift */,
				767BAE96203DCFA10065A6C1 /* AppDelegate.swift */,
				767BAE98203DCFA10065A6C1 /* ViewController.swift */,
				767BAE9A203DCFA10065A6C1 /* Main.storyboard */,
				767BAE9D203DCFA10065A6C1 /* Assets.xcassets */,
				767BAE9F203DCFA10065A6C1 /* LaunchScreen.storyboard */,
				767BAEA2203DCFA10065A6C1 /* Info.plist */,
				767BAEC6203DD09E0065A6C1 /* DrawView.swift */,
			);
			path = TouchTracker;
			sourceTree = "<group>";
		};
		767BAEAA203DCFA10065A6C1 /* TouchTrackerTests */ = {
			isa = PBXGroup;
			children = (
				767BAEAB203DCFA10065A6C1 /* TouchTrackerTests.swift */,
				767BAEAD203DCFA10065A6C1 /* Info.plist */,
			);
			path = TouchTrackerTests;
			sourceTree = "<group>";
		};
		767BAEB5203DCFA10065A6C1 /* TouchTrackerUITests */ = {
			isa = PBXGroup;
			children = (
				767BAEB6203DCFA10065A6C1 /* TouchTrackerUITests.swift */,
				767BAEB8203DCFA10065A6C1 /* Info.plist */,
			);
			path = TouchTrackerUITests;
			sourceTree = "<group>";
		};
/* End PBXGroup section */

/* Begin PBXNativeTarget section */
		767BAE92203DCFA10065A6C1 /* TouchTracker */ = {
			isa = PBXNativeTarget;
			buildConfigurationList = 767BAEBB203DCFA10065A6C1 /* Build configuration list for PBXNativeTarget "TouchTracker" */;
			buildPhases = (
				767BAE8F203DCFA10065A6C1 /* Sources */,
				767BAE90203DCFA10065A6C1 /* Frameworks */,
				767BAE91203DCFA10065A6C1 /* Resources */,
			);
			buildRules = (
			);
			dependencies = (
			);
			name = TouchTracker;
			productName = TouchTracker;
			productReference = 767BAE93203DCFA10065A6C1 /* TouchTracker.app */;
			productType = "com.apple.product-type.application";
		};
		767BAEA6203DCFA10065A6C1 /* TouchTrackerTests */ = {
			isa = PBXNativeTarget;
			buildConfigurationList = 767BAEBE203DCFA10065A6C1 /* Build configuration list for PBXNativeTarget "TouchTrackerTests" */;
			buildPhases = (
				767BAEA3203DCFA10065A6C1 /* Sources */,
				767BAEA4203DCFA10065A6C1 /* Frameworks */,
				767BAEA5203DCFA10065A6C1 /* Resources */,
			);
			buildRules = (
			);
			dependencies = (
				767BAEA9203DCFA10065A6C1 /* PBXTargetDependency */,
			);
			name = TouchTrackerTests;
			productName = TouchTrackerTests;
			productReference = 767BAEA7203DCFA10065A6C1 /* TouchTrackerTests.xctest */;
			productType = "com.apple.product-type.bundle.unit-test";
		};
		767BAEB1203DCFA10065A6C1 /* TouchTrackerUITests */ = {
			isa = PBXNativeTarget;
			buildConfigurationList = 767BAEC1203DCFA10065A6C1 /* Build configuration list for PBXNativeTarget "TouchTrackerUITests" */;
			buildPhases = (
				767BAEAE203DCFA10065A6C1 /* Sources */,
				767BAEAF203DCFA10065A6C1 /* Frameworks */,
				767BAEB0203DCFA10065A6C1 /* Resources */,
			);
			buildRules = (
			);
			dependencies = (
				767BAEB4203DCFA10065A6C1 /* PBXTargetDependency */,
			);
			name = TouchTrackerUITests;
			productName = TouchTrackerUITests;
			productReference = 767BAEB2203DCFA10065A6C1 /* TouchTrackerUITests.xctest */;
			productType = "com.apple.product-type.bundle.ui-testing";
		};
/* End PBXNativeTarget section */

/* Begin PBXProject section */
		767BAE8B203DCFA10065A6C1 /* Project object */ = {
			isa = PBXProject;
			attributes = {
				LastSwiftUpdateCheck = 0920;
				LastUpgradeCheck = 0920;
				ORGANIZATIONNAME = Murillo;
				TargetAttributes = {
					767BAE92203DCFA10065A6C1 = {
						CreatedOnToolsVersion = 9.2;
						ProvisioningStyle = Automatic;
					};
					767BAEA6203DCFA10065A6C1 = {
						CreatedOnToolsVersion = 9.2;
						ProvisioningStyle = Automatic;
						TestTargetID = 767BAE92203DCFA10065A6C1;
					};
					767BAEB1203DCFA10065A6C1 = {
						CreatedOnToolsVersion = 9.2;
						ProvisioningStyle = Automatic;
						TestTargetID = 767BAE92203DCFA10065A6C1;
					};
				};
			};
			buildConfigurationList = 767BAE8E203DCFA10065A6C1 /* Build configuration list for PBXProject "TouchTracker" */;
			compatibilityVersion = "Xcode 8.0";
			developmentRegion = en;
			hasScannedForEncodings = 0;
			knownRegions = (
				en,
				Base,
			);
			mainGroup = 767BAE8A203DCFA10065A6C1;
			productRefGroup = 767BAE94203DCFA10065A6C1 /* Products */;
			projectDirPath = "";
			projectRoot = "";
			targets = (
				767BAE92203DCFA10065A6C1 /* TouchTracker */,
				767BAEA6203DCFA10065A6C1 /* TouchTrackerTests */,
				767BAEB1203DCFA10065A6C1 /* TouchTrackerUITests */,
			);
		};
/* End PBXProject section */

/* Begin PBXResourcesBuildPhase section */
		767BAE91203DCFA10065A6C1 /* Resources */ = {
			isa = PBXResourcesBuildPhase;
			buildActionMask = 2147483647;
			files = (
				767BAEA1203DCFA10065A6C1 /* LaunchScreen.storyboard in Resources */,
				767BAE9E203DCFA10065A6C1 /* Assets.xcassets in Resources */,
				767BAE9C203DCFA10065A6C1 /* Main.storyboard in Resources */,
			);
			runOnlyForDeploymentPostprocessing = 0;
		};
		767BAEA5203DCFA10065A6C1 /* Resources */ = {
			isa = PBXResourcesBuildPhase;
			buildActionMask = 2147483647;
			files = (
			);
			runOnlyForDeploymentPostprocessing = 0;
		};
		767BAEB0203DCFA10065A6C1 /* Resources */ = {
			isa = PBXResourcesBuildPhase;
			buildActionMask = 2147483647;
			files = (
			);
			runOnlyForDeploymentPostprocessing = 0;
		};
/* End PBXResourcesBuildPhase section */

/* Begin PBXSourcesBuildPhase section */
		767BAE8F203DCFA10065A6C1 /* Sources */ = {
			isa = PBXSourcesBuildPhase;
			buildActionMask = 2147483647;
			files = (
				767BAEC5203DD00F0065A6C1 /* Line.swift in Sources */,
				767BAE99203DCFA10065A6C1 /* ViewController.swift in Sources */,
				767BAEC7203DD09E0065A6C1 /* DrawView.swift in Sources */,
				767BAE97203DCFA10065A6C1 /* AppDelegate.swift in Sources */,
			);
			runOnlyForDeploymentPostprocessing = 0;
		};
		767BAEA3203DCFA10065A6C1 /* Sources */ = {
			isa = PBXSourcesBuildPhase;
			buildActionMask = 2147483647;
			files = (
				767BAEAC203DCFA10065A6C1 /* TouchTrackerTests.swift in Sources */,
			);
			runOnlyForDeploymentPostprocessing = 0;
		};
		767BAEAE203DCFA10065A6C1 /* Sources */ = {
			isa = PBXSourcesBuildPhase;
			buildActionMask = 2147483647;
			files = (
				767BAEB7203DCFA10065A6C1 /* TouchTrackerUITests.swift in Sources */,
			);
			runOnlyForDeploymentPostprocessing = 0;
		};
/* End PBXSourcesBuildPhase section */

/* Begin PBXTargetDependency section */
		767BAEA9203DCFA10065A6C1 /* PBXTargetDependency */ = {
			isa = PBXTargetDependency;
			target = 767BAE92203DCFA10065A6C1 /* TouchTracker */;
			targetProxy = 767BAEA8203DCFA10065A6C1 /* PBXContainerItemProxy */;
		};
		767BAEB4203DCFA10065A6C1 /* PBXTargetDependency */ = {
			isa = PBXTargetDependency;
			target = 767BAE92203DCFA10065A6C1 /* TouchTracker */;
			targetProxy = 767BAEB3203DCFA10065A6C1 /* PBXContainerItemProxy */;
		};
/* End PBXTargetDependency section */

/* Begin PBXVariantGroup section */
		767BAE9A203DCFA10065A6C1 /* Main.storyboard */ = {
			isa = PBXVariantGroup;
			children = (
				767BAE9B203DCFA10065A6C1 /* Base */,
			);
			name = Main.storyboard;
			sourceTree = "<group>";
		};
		767BAE9F203DCFA10065A6C1 /* LaunchScreen.storyboard */ = {
			isa = PBXVariantGroup;
			children = (
				767BAEA0203DCFA10065A6C1 /* Base */,
			);
			name = LaunchScreen.storyboard;
			sourceTree = "<group>";
		};
/* End PBXVariantGroup section */

/* Begin XCBuildConfiguration section */
		767BAEB9203DCFA10065A6C1 /* Debug */ = {
			isa = XCBuildConfiguration;
			buildSettings = {
				ALWAYS_SEARCH_USER_PATHS = NO;
				CLANG_ANALYZER_NONNULL = YES;
				CLANG_ANALYZER_NUMBER_OBJECT_CONVERSION = YES_AGGRESSIVE;
				CLANG_CXX_LANGUAGE_STANDARD = "gnu++14";
				CLANG_CXX_LIBRARY = "libc++";
				CLANG_ENABLE_MODULES = YES;
				CLANG_ENABLE_OBJC_ARC = YES;
				CLANG_WARN_BLOCK_CAPTURE_AUTORELEASING = YES;
				CLANG_WARN_BOOL_CONVERSION = YES;
				CLANG_WARN_COMMA = YES;
				CLANG_WARN_CONSTANT_CONVERSION = YES;
				CLANG_WARN_DIRECT_OBJC_ISA_USAGE = YES_ERROR;
				CLANG_WARN_DOCUMENTATION_COMMENTS = YES;
				CLANG_WARN_EMPTY_BODY = YES;
				CLANG_WARN_ENUM_CONVERSION = YES;
				CLANG_WARN_INFINITE_RECURSION = YES;
				CLANG_WARN_INT_CONVERSION = YES;
				CLANG_WARN_NON_LITERAL_NULL_CONVERSION = YES;
				CLANG_WARN_OBJC_LITERAL_CONVERSION = YES;
				CLANG_WARN_OBJC_ROOT_CLASS = YES_ERROR;
				CLANG_WARN_RANGE_LOOP_ANALYSIS = YES;
				CLANG_WARN_STRICT_PROTOTYPES = YES;
				CLANG_WARN_SUSPICIOUS_MOVE = YES;
				CLANG_WARN_UNGUARDED_AVAILABILITY = YES_AGGRESSIVE;
				CLANG_WARN_UNREACHABLE_CODE = YES;
				CLANG_WARN__DUPLICATE_METHOD_MATCH = YES;
				CODE_SIGN_IDENTITY = "iPhone Developer";
				COPY_PHASE_STRIP = NO;
				DEBUG_INFORMATION_FORMAT = dwarf;
				ENABLE_STRICT_OBJC_MSGSEND = YES;
				ENABLE_TESTABILITY = YES;
				GCC_C_LANGUAGE_STANDARD = gnu11;
				GCC_DYNAMIC_NO_PIC = NO;
				GCC_NO_COMMON_BLOCKS = YES;
				GCC_OPTIMIZATION_LEVEL = 0;
				GCC_PREPROCESSOR_DEFINITIONS = (
					"DEBUG=1",
					"$(inherited)",
				);
				GCC_WARN_64_TO_32_BIT_CONVERSION = YES;
				GCC_WARN_ABOUT_RETURN_TYPE = YES_ERROR;
				GCC_WARN_UNDECLARED_SELECTOR = YES;
				GCC_WARN_UNINITIALIZED_AUTOS = YES_AGGRESSIVE;
				GCC_WARN_UNUSED_FUNCTION = YES;
				GCC_WARN_UNUSED_VARIABLE = YES;
				IPHONEOS_DEPLOYMENT_TARGET = 11.2;
				MTL_ENABLE_DEBUG_INFO = YES;
				ONLY_ACTIVE_ARCH = YES;
				SDKROOT = iphoneos;
				SWIFT_ACTIVE_COMPILATION_CONDITIONS = DEBUG;
				SWIFT_OPTIMIZATION_LEVEL = "-Onone";
			};
			name = Debug;
		};
		767BAEBA203DCFA10065A6C1 /* Release */ = {
			isa = XCBuildConfiguration;
			buildSettings = {
				ALWAYS_SEARCH_USER_PATHS = NO;
				CLANG_ANALYZER_NONNULL = YES;
				CLANG_ANALYZER_NUMBER_OBJECT_CONVERSION = YES_AGGRESSIVE;
				CLANG_CXX_LANGUAGE_STANDARD = "gnu++14";
				CLANG_CXX_LIBRARY = "libc++";
				CLANG_ENABLE_MODULES = YES;
				CLANG_ENABLE_OBJC_ARC = YES;
				CLANG_WARN_BLOCK_CAPTURE_AUTORELEASING = YES;
				CLANG_WARN_BOOL_CONVERSION = YES;
				CLANG_WARN_COMMA = YES;
				CLANG_WARN_CONSTANT_CONVERSION = YES;
				CLANG_WARN_DIRECT_OBJC_ISA_USAGE = YES_ERROR;
				CLANG_WARN_DOCUMENTATION_COMMENTS = YES;
				CLANG_WARN_EMPTY_BODY = YES;
				CLANG_WARN_ENUM_CONVERSION = YES;
				CLANG_WARN_INFINITE_RECURSION = YES;
				CLANG_WARN_INT_CONVERSION = YES;
				CLANG_WARN_NON_LITERAL_NULL_CONVERSION = YES;
				CLANG_WARN_OBJC_LITERAL_CONVERSION = YES;
				CLANG_WARN_OBJC_ROOT_CLASS = YES_ERROR;
				CLANG_WARN_RANGE_LOOP_ANALYSIS = YES;
				CLANG_WARN_STRICT_PROTOTYPES = YES;
				CLANG_WARN_SUSPICIOUS_MOVE = YES;
				CLANG_WARN_UNGUARDED_AVAILABILITY = YES_AGGRESSIVE;
				CLANG_WARN_UNREACHABLE_CODE = YES;
				CLANG_WARN__DUPLICATE_METHOD_MATCH = YES;
				CODE_SIGN_IDENTITY = "iPhone Developer";
				COPY_PHASE_STRIP = NO;
				DEBUG_INFORMATION_FORMAT = "dwarf-with-dsym";
				ENABLE_NS_ASSERTIONS = NO;
				ENABLE_STRICT_OBJC_MSGSEND = YES;
				GCC_C_LANGUAGE_STANDARD = gnu11;
				GCC_NO_COMMON_BLOCKS = YES;
				GCC_WARN_64_TO_32_BIT_CONVERSION = YES;
				GCC_WARN_ABOUT_RETURN_TYPE = YES_ERROR;
				GCC_WARN_UNDECLARED_SELECTOR = YES;
				GCC_WARN_UNINITIALIZED_AUTOS = YES_AGGRESSIVE;
				GCC_WARN_UNUSED_FUNCTION = YES;
				GCC_WARN_UNUSED_VARIABLE = YES;
				IPHONEOS_DEPLOYMENT_TARGET = 11.2;
				MTL_ENABLE_DEBUG_INFO = NO;
				SDKROOT = iphoneos;
				SWIFT_OPTIMIZATION_LEVEL = "-Owholemodule";
				VALIDATE_PRODUCT = YES;
			};
			name = Release;
		};
		767BAEBC203DCFA10065A6C1 /* Debug */ = {
			isa = XCBuildConfiguration;
			buildSettings = {
				ASSETCATALOG_COMPILER_APPICON_NAME = AppIcon;
				CODE_SIGN_STYLE = Automatic;
				INFOPLIST_FILE = TouchTracker/Info.plist;
				LD_RUNPATH_SEARCH_PATHS = "$(inherited) @executable_path/Frameworks";
				PRODUCT_BUNDLE_IDENTIFIER = com.Murillo.TouchTracker;
				PRODUCT_NAME = "$(TARGET_NAME)";
				SWIFT_VERSION = 4.0;
				TARGETED_DEVICE_FAMILY = "1,2";
			};
			name = Debug;
		};
		767BAEBD203DCFA10065A6C1 /* Release */ = {
			isa = XCBuildConfiguration;
			buildSettings = {
				ASSETCATALOG_COMPILER_APPICON_NAME = AppIcon;
				CODE_SIGN_STYLE = Automatic;
				INFOPLIST_FILE = TouchTracker/Info.plist;
				LD_RUNPATH_SEARCH_PATHS = "$(inherited) @executable_path/Frameworks";
				PRODUCT_BUNDLE_IDENTIFIER = com.Murillo.TouchTracker;
				PRODUCT_NAME = "$(TARGET_NAME)";
				SWIFT_VERSION = 4.0;
				TARGETED_DEVICE_FAMILY = "1,2";
			};
			name = Release;
		};
		767BAEBF203DCFA10065A6C1 /* Debug */ = {
			isa = XCBuildConfiguration;
			buildSettings = {
				ALWAYS_EMBED_SWIFT_STANDARD_LIBRARIES = YES;
				BUNDLE_LOADER = "$(TEST_HOST)";
				CODE_SIGN_STYLE = Automatic;
				INFOPLIST_FILE = TouchTrackerTests/Info.plist;
				LD_RUNPATH_SEARCH_PATHS = "$(inherited) @executable_path/Frameworks @loader_path/Frameworks";
				PRODUCT_BUNDLE_IDENTIFIER = com.Murillo.TouchTrackerTests;
				PRODUCT_NAME = "$(TARGET_NAME)";
				SWIFT_VERSION = 4.0;
				TARGETED_DEVICE_FAMILY = "1,2";
				TEST_HOST = "$(BUILT_PRODUCTS_DIR)/TouchTracker.app/TouchTracker";
			};
			name = Debug;
		};
		767BAEC0203DCFA10065A6C1 /* Release */ = {
			isa = XCBuildConfiguration;
			buildSettings = {
				ALWAYS_EMBED_SWIFT_STANDARD_LIBRARIES = YES;
				BUNDLE_LOADER = "$(TEST_HOST)";
				CODE_SIGN_STYLE = Automatic;
				INFOPLIST_FILE = TouchTrackerTests/Info.plist;
				LD_RUNPATH_SEARCH_PATHS = "$(inherited) @executable_path/Frameworks @loader_path/Frameworks";
				PRODUCT_BUNDLE_IDENTIFIER = com.Murillo.TouchTrackerTests;
				PRODUCT_NAME = "$(TARGET_NAME)";
				SWIFT_VERSION = 4.0;
				TARGETED_DEVICE_FAMILY = "1,2";
				TEST_HOST = "$(BUILT_PRODUCTS_DIR)/TouchTracker.app/TouchTracker";
			};
			name = Release;
		};
		767BAEC2203DCFA10065A6C1 /* Debug */ = {
			isa = XCBuildConfiguration;
			buildSettings = {
				ALWAYS_EMBED_SWIFT_STANDARD_LIBRARIES = YES;
				CODE_SIGN_STYLE = Automatic;
				INFOPLIST_FILE = TouchTrackerUITests/Info.plist;
				LD_RUNPATH_SEARCH_PATHS = "$(inherited) @executable_path/Frameworks @loader_path/Frameworks";
				PRODUCT_BUNDLE_IDENTIFIER = com.Murillo.TouchTrackerUITests;
				PRODUCT_NAME = "$(TARGET_NAME)";
				SWIFT_VERSION = 4.0;
				TARGETED_DEVICE_FAMILY = "1,2";
				TEST_TARGET_NAME = TouchTracker;
			};
			name = Debug;
		};
		767BAEC3203DCFA10065A6C1 /* Release */ = {
			isa = XCBuildConfiguration;
			buildSettings = {
				ALWAYS_EMBED_SWIFT_STANDARD_LIBRARIES = YES;
				CODE_SIGN_STYLE = Automatic;
				INFOPLIST_FILE = TouchTrackerUITests/Info.plist;
				LD_RUNPATH_SEARCH_PATHS = "$(inherited) @executable_path/Frameworks @loader_path/Frameworks";
				PRODUCT_BUNDLE_IDENTIFIER = com.Murillo.TouchTrackerUITests;
				PRODUCT_NAME = "$(TARGET_NAME)";
				SWIFT_VERSION = 4.0;
				TARGETED_DEVICE_FAMILY = "1,2";
				TEST_TARGET_NAME = TouchTracker;
			};
			name = Release;
		};
/* End XCBuildConfiguration section */

/* Begin XCConfigurationList section */
		767BAE8E203DCFA10065A6C1 /* Build configuration list for PBXProject "TouchTracker" */ = {
			isa = XCConfigurationList;
			buildConfigurations = (
				767BAEB9203DCFA10065A6C1 /* Debug */,
				767BAEBA203DCFA10065A6C1 /* Release */,
			);
			defaultConfigurationIsVisible = 0;
			defaultConfigurationName = Release;
		};
		767BAEBB203DCFA10065A6C1 /* Build configuration list for PBXNativeTarget "TouchTracker" */ = {
			isa = XCConfigurationList;
			buildConfigurations = (
				767BAEBC203DCFA10065A6C1 /* Debug */,
				767BAEBD203DCFA10065A6C1 /* Release */,
			);
			defaultConfigurationIsVisible = 0;
			defaultConfigurationName = Release;
		};
		767BAEBE203DCFA10065A6C1 /* Build configuration list for PBXNativeTarget "TouchTrackerTests" */ = {
			isa = XCConfigurationList;
			buildConfigurations = (
				767BAEBF203DCFA10065A6C1 /* Debug */,
				767BAEC0203DCFA10065A6C1 /* Release */,
			);
			defaultConfigurationIsVisible = 0;
			defaultConfigurationName = Release;
		};
		767BAEC1203DCFA10065A6C1 /* Build configuration list for PBXNativeTarget "TouchTrackerUITests" */ = {
			isa = XCConfigurationList;
			buildConfigurations = (
				767BAEC2203DCFA10065A6C1 /* Debug */,
				767BAEC3203DCFA10065A6C1 /* Release */,
			);
			defaultConfigurationIsVisible = 0;
			defaultConfigurationName = Release;
		};
/* End XCConfigurationList section */
	};
	rootObject = 767BAE8B203DCFA10065A6C1 /* Project object */;
}
