// !$*UTF8*$!
{
	archiveVersion = 1;
	classes = {
	};
	objectVersion = 48;
	objects = {

/* Begin PBXBuildFile section */
		7648DD83203DF2B4006C3965 /* FlickrAPI.swift in Sources */ = {isa = PBXBuildFile; fileRef = 7648DD82203DF2B4006C3965 /* FlickrAPI.swift */; };
		7672A79E203F1B1C00174524 /* PhotoDataSource.swift in Sources */ = {isa = PBXBuildFile; fileRef = 7672A79D203F1B1C00174524 /* PhotoDataSource.swift */; };
		7672A7A0203F1DB100174524 /* PhotoCollectionViewCell.swift in Sources */ = {isa = PBXBuildFile; fileRef = 7672A79F203F1DB100174524 /* PhotoCollectionViewCell.swift */; };
		7672A7A4203F2CA100174524 /* ImageStore.swift in Sources */ = {isa = PBXBuildFile; fileRef = 7672A7A3203F2CA100174524 /* ImageStore.swift */; };
		7672A7A6203F2D8700174524 /* PhotoInfoViewController.swift in Sources */ = {isa = PBXBuildFile; fileRef = 7672A7A5203F2D8700174524 /* PhotoInfoViewController.swift */; };
		767BAED5203DE14D0065A6C1 /* AppDelegate.swift in Sources */ = {isa = PBXBuildFile; fileRef = 767BAED4203DE14D0065A6C1 /* AppDelegate.swift */; };
		767BAEDA203DE14D0065A6C1 /* Main.storyboard in Resources */ = {isa = PBXBuildFile; fileRef = 767BAED8203DE14D0065A6C1 /* Main.storyboard */; };
		767BAEDC203DE14D0065A6C1 /* Assets.xcassets in Resources */ = {isa = PBXBuildFile; fileRef = 767BAEDB203DE14D0065A6C1 /* Assets.xcassets */; };
		767BAEDF203DE14D0065A6C1 /* LaunchScreen.storyboard in Resources */ = {isa = PBXBuildFile; fileRef = 767BAEDD203DE14D0065A6C1 /* LaunchScreen.storyboard */; };
		767BAEEA203DE14D0065A6C1 /* PhotoramaTests.swift in Sources */ = {isa = PBXBuildFile; fileRef = 767BAEE9203DE14D0065A6C1 /* PhotoramaTests.swift */; };
		767BAEF5203DE14D0065A6C1 /* PhotoramaUITests.swift in Sources */ = {isa = PBXBuildFile; fileRef = 767BAEF4203DE14D0065A6C1 /* PhotoramaUITests.swift */; };
		767BAF03203DE1BF0065A6C1 /* PhotosViewController.swift in Sources */ = {isa = PBXBuildFile; fileRef = 767BAF02203DE1BF0065A6C1 /* PhotosViewController.swift */; };
		76A6A206203E063A00435D60 /* PhotoStore.swift in Sources */ = {isa = PBXBuildFile; fileRef = 76A6A205203E063A00435D60 /* PhotoStore.swift */; };
		76A6A208203E0A2900435D60 /* Photo.swift in Sources */ = {isa = PBXBuildFile; fileRef = 76A6A207203E0A2900435D60 /* Photo.swift */; };
/* End PBXBuildFile section */

/* Begin PBXContainerItemProxy section */
		767BAEE6203DE14D0065A6C1 /* PBXContainerItemProxy */ = {
			isa = PBXContainerItemProxy;
			containerPortal = 767BAEC9203DE14D0065A6C1 /* Project object */;
			proxyType = 1;
			remoteGlobalIDString = 767BAED0203DE14D0065A6C1;
			remoteInfo = Photorama;
		};
		767BAEF1203DE14D0065A6C1 /* PBXContainerItemProxy */ = {
			isa = PBXContainerItemProxy;
			containerPortal = 767BAEC9203DE14D0065A6C1 /* Project object */;
			proxyType = 1;
			remoteGlobalIDString = 767BAED0203DE14D0065A6C1;
			remoteInfo = Photorama;
		};
/* End PBXContainerItemProxy section */

/* Begin PBXFileReference section */
		7648DD82203DF2B4006C3965 /* FlickrAPI.swift */ = {isa = PBXFileReference; lastKnownFileType = sourcecode.swift; path = FlickrAPI.swift; sourceTree = "<group>"; };
		7672A79D203F1B1C00174524 /* PhotoDataSource.swift */ = {isa = PBXFileReference; lastKnownFileType = sourcecode.swift; path = PhotoDataSource.swift; sourceTree = "<group>"; };
		7672A79F203F1DB100174524 /* PhotoCollectionViewCell.swift */ = {isa = PBXFileReference; lastKnownFileType = sourcecode.swift; path = PhotoCollectionViewCell.swift; sourceTree = "<group>"; };
		7672A7A3203F2CA100174524 /* ImageStore.swift */ = {isa = PBXFileReference; fileEncoding = 4; lastKnownFileType = sourcecode.swift; name = ImageStore.swift; path = ../../Homepwner/Homepwner/ImageStore.swift; sourceTree = "<group>"; };
		7672A7A5203F2D8700174524 /* PhotoInfoViewController.swift */ = {isa = PBXFileReference; lastKnownFileType = sourcecode.swift; path = PhotoInfoViewController.swift; sourceTree = "<group>"; };
		767BAED1203DE14D0065A6C1 /* Photorama.app */ = {isa = PBXFileReference; explicitFileType = wrapper.application; includeInIndex = 0; path = Photorama.app; sourceTree = BUILT_PRODUCTS_DIR; };
		767BAED4203DE14D0065A6C1 /* AppDelegate.swift */ = {isa = PBXFileReference; lastKnownFileType = sourcecode.swift; path = AppDelegate.swift; sourceTree = "<group>"; };
		767BAED9203DE14D0065A6C1 /* Base */ = {isa = PBXFileReference; lastKnownFileType = file.storyboard; name = Base; path = Base.lproj/Main.storyboard; sourceTree = "<group>"; };
		767BAEDB203DE14D0065A6C1 /* Assets.xcassets */ = {isa = PBXFileReference; lastKnownFileType = folder.assetcatalog; path = Assets.xcassets; sourceTree = "<group>"; };
		767BAEDE203DE14D0065A6C1 /* Base */ = {isa = PBXFileReference; lastKnownFileType = file.storyboard; name = Base; path = Base.lproj/LaunchScreen.storyboard; sourceTree = "<group>"; };
		767BAEE0203DE14D0065A6C1 /* Info.plist */ = {isa = PBXFileReference; lastKnownFileType = text.plist.xml; path = Info.plist; sourceTree = "<group>"; };
		767BAEE5203DE14D0065A6C1 /* PhotoramaTests.xctest */ = {isa = PBXFileReference; explicitFileType = wrapper.cfbundle; includeInIndex = 0; path = PhotoramaTests.xctest; sourceTree = BUILT_PRODUCTS_DIR; };
		767BAEE9203DE14D0065A6C1 /* PhotoramaTests.swift */ = {isa = PBXFileReference; lastKnownFileType = sourcecode.swift; path = PhotoramaTests.swift; sourceTree = "<group>"; };
		767BAEEB203DE14D0065A6C1 /* Info.plist */ = {isa = PBXFileReference; lastKnownFileType = text.plist.xml; path = Info.plist; sourceTree = "<group>"; };
		767BAEF0203DE14D0065A6C1 /* PhotoramaUITests.xctest */ = {isa = PBXFileReference; explicitFileType = wrapper.cfbundle; includeInIndex = 0; path = PhotoramaUITests.xctest; sourceTree = BUILT_PRODUCTS_DIR; };
		767BAEF4203DE14D0065A6C1 /* PhotoramaUITests.swift */ = {isa = PBXFileReference; lastKnownFileType = sourcecode.swift; path = PhotoramaUITests.swift; sourceTree = "<group>"; };
		767BAEF6203DE14D0065A6C1 /* Info.plist */ = {isa = PBXFileReference; lastKnownFileType = text.plist.xml; path = Info.plist; sourceTree = "<group>"; };
		767BAF02203DE1BF0065A6C1 /* PhotosViewController.swift */ = {isa = PBXFileReference; lastKnownFileType = sourcecode.swift; path = PhotosViewController.swift; sourceTree = "<group>"; };
		76A6A205203E063A00435D60 /* PhotoStore.swift */ = {isa = PBXFileReference; lastKnownFileType = sourcecode.swift; path = PhotoStore.swift; sourceTree = "<group>"; };
		76A6A207203E0A2900435D60 /* Photo.swift */ = {isa = PBXFileReference; lastKnownFileType = sourcecode.swift; path = Photo.swift; sourceTree = "<group>"; };
/* End PBXFileReference section */

/* Begin PBXFrameworksBuildPhase section */
		767BAECE203DE14D0065A6C1 /* Frameworks */ = {
			isa = PBXFrameworksBuildPhase;
			buildActionMask = 2147483647;
			files = (
			);
			runOnlyForDeploymentPostprocessing = 0;
		};
		767BAEE2203DE14D0065A6C1 /* Frameworks */ = {
			isa = PBXFrameworksBuildPhase;
			buildActionMask = 2147483647;
			files = (
			);
			runOnlyForDeploymentPostprocessing = 0;
		};
		767BAEED203DE14D0065A6C1 /* Frameworks */ = {
			isa = PBXFrameworksBuildPhase;
			buildActionMask = 2147483647;
			files = (
			);
			runOnlyForDeploymentPostprocessing = 0;
		};
/* End PBXFrameworksBuildPhase section */

/* Begin PBXGroup section */
		767BAEC8203DE14D0065A6C1 = {
			isa = PBXGroup;
			children = (
				767BAED3203DE14D0065A6C1 /* Photorama */,
				767BAEE8203DE14D0065A6C1 /* PhotoramaTests */,
				767BAEF3203DE14D0065A6C1 /* PhotoramaUITests */,
				767BAED2203DE14D0065A6C1 /* Products */,
			);
			sourceTree = "<group>";
		};
		767BAED2203DE14D0065A6C1 /* Products */ = {
			isa = PBXGroup;
			children = (
				767BAED1203DE14D0065A6C1 /* Photorama.app */,
				767BAEE5203DE14D0065A6C1 /* PhotoramaTests.xctest */,
				767BAEF0203DE14D0065A6C1 /* PhotoramaUITests.xctest */,
			);
			name = Products;
			sourceTree = "<group>";
		};
		767BAED3203DE14D0065A6C1 /* Photorama */ = {
			isa = PBXGroup;
			children = (
				7672A7A3203F2CA100174524 /* ImageStore.swift */,
				767BAED4203DE14D0065A6C1 /* AppDelegate.swift */,
				767BAED8203DE14D0065A6C1 /* Main.storyboard */,
				767BAEDB203DE14D0065A6C1 /* Assets.xcassets */,
				767BAEDD203DE14D0065A6C1 /* LaunchScreen.storyboard */,
				767BAEE0203DE14D0065A6C1 /* Info.plist */,
				767BAF02203DE1BF0065A6C1 /* PhotosViewController.swift */,
				7648DD82203DF2B4006C3965 /* FlickrAPI.swift */,
				76A6A205203E063A00435D60 /* PhotoStore.swift */,
				76A6A207203E0A2900435D60 /* Photo.swift */,
				7672A79D203F1B1C00174524 /* PhotoDataSource.swift */,
				7672A79F203F1DB100174524 /* PhotoCollectionViewCell.swift */,
				7672A7A5203F2D8700174524 /* PhotoInfoViewController.swift */,
			);
			path = Photorama;
			sourceTree = "<group>";
		};
		767BAEE8203DE14D0065A6C1 /* PhotoramaTests */ = {
			isa = PBXGroup;
			children = (
				767BAEE9203DE14D0065A6C1 /* PhotoramaTests.swift */,
				767BAEEB203DE14D0065A6C1 /* Info.plist */,
			);
			path = PhotoramaTests;
			sourceTree = "<group>";
		};
		767BAEF3203DE14D0065A6C1 /* PhotoramaUITests */ = {
			isa = PBXGroup;
			children = (
				767BAEF4203DE14D0065A6C1 /* PhotoramaUITests.swift */,
				767BAEF6203DE14D0065A6C1 /* Info.plist */,
			);
			path = PhotoramaUITests;
			sourceTree = "<group>";
		};
/* End PBXGroup section */

/* Begin PBXNativeTarget section */
		767BAED0203DE14D0065A6C1 /* Photorama */ = {
			isa = PBXNativeTarget;
			buildConfigurationList = 767BAEF9203DE14D0065A6C1 /* Build configuration list for PBXNativeTarget "Photorama" */;
			buildPhases = (
				767BAECD203DE14D0065A6C1 /* Sources */,
				767BAECE203DE14D0065A6C1 /* Frameworks */,
				767BAECF203DE14D0065A6C1 /* Resources */,
			);
			buildRules = (
			);
			dependencies = (
			);
			name = Photorama;
			productName = Photorama;
			productReference = 767BAED1203DE14D0065A6C1 /* Photorama.app */;
			productType = "com.apple.product-type.application";
		};
		767BAEE4203DE14D0065A6C1 /* PhotoramaTests */ = {
			isa = PBXNativeTarget;
			buildConfigurationList = 767BAEFC203DE14D0065A6C1 /* Build configuration list for PBXNativeTarget "PhotoramaTests" */;
			buildPhases = (
				767BAEE1203DE14D0065A6C1 /* Sources */,
				767BAEE2203DE14D0065A6C1 /* Frameworks */,
				767BAEE3203DE14D0065A6C1 /* Resources */,
			);
			buildRules = (
			);
			dependencies = (
				767BAEE7203DE14D0065A6C1 /* PBXTargetDependency */,
			);
			name = PhotoramaTests;
			productName = PhotoramaTests;
			productReference = 767BAEE5203DE14D0065A6C1 /* PhotoramaTests.xctest */;
			productType = "com.apple.product-type.bundle.unit-test";
		};
		767BAEEF203DE14D0065A6C1 /* PhotoramaUITests */ = {
			isa = PBXNativeTarget;
			buildConfigurationList = 767BAEFF203DE14D0065A6C1 /* Build configuration list for PBXNativeTarget "PhotoramaUITests" */;
			buildPhases = (
				767BAEEC203DE14D0065A6C1 /* Sources */,
				767BAEED203DE14D0065A6C1 /* Frameworks */,
				767BAEEE203DE14D0065A6C1 /* Resources */,
			);
			buildRules = (
			);
			dependencies = (
				767BAEF2203DE14D0065A6C1 /* PBXTargetDependency */,
			);
			name = PhotoramaUITests;
			productName = PhotoramaUITests;
			productReference = 767BAEF0203DE14D0065A6C1 /* PhotoramaUITests.xctest */;
			productType = "com.apple.product-type.bundle.ui-testing";
		};
/* End PBXNativeTarget section */

/* Begin PBXProject section */
		767BAEC9203DE14D0065A6C1 /* Project object */ = {
			isa = PBXProject;
			attributes = {
				LastSwiftUpdateCheck = 0920;
				LastUpgradeCheck = 0920;
				ORGANIZATIONNAME = Murillo;
				TargetAttributes = {
					767BAED0203DE14D0065A6C1 = {
						CreatedOnToolsVersion = 9.2;
						ProvisioningStyle = Automatic;
					};
					767BAEE4203DE14D0065A6C1 = {
						CreatedOnToolsVersion = 9.2;
						ProvisioningStyle = Automatic;
						TestTargetID = 767BAED0203DE14D0065A6C1;
					};
					767BAEEF203DE14D0065A6C1 = {
						CreatedOnToolsVersion = 9.2;
						ProvisioningStyle = Automatic;
						TestTargetID = 767BAED0203DE14D0065A6C1;
					};
				};
			};
			buildConfigurationList = 767BAECC203DE14D0065A6C1 /* Build configuration list for PBXProject "Photorama" */;
			compatibilityVersion = "Xcode 8.0";
			developmentRegion = en;
			hasScannedForEncodings = 0;
			knownRegions = (
				en,
				Base,
			);
			mainGroup = 767BAEC8203DE14D0065A6C1;
			productRefGroup = 767BAED2203DE14D0065A6C1 /* Products */;
			projectDirPath = "";
			projectRoot = "";
			targets = (
				767BAED0203DE14D0065A6C1 /* Photorama */,
				767BAEE4203DE14D0065A6C1 /* PhotoramaTests */,
				767BAEEF203DE14D0065A6C1 /* PhotoramaUITests */,
			);
		};
/* End PBXProject section */

/* Begin PBXResourcesBuildPhase section */
		767BAECF203DE14D0065A6C1 /* Resources */ = {
			isa = PBXResourcesBuildPhase;
			buildActionMask = 2147483647;
			files = (
				767BAEDF203DE14D0065A6C1 /* LaunchScreen.storyboard in Resources */,
				767BAEDC203DE14D0065A6C1 /* Assets.xcassets in Resources */,
				767BAEDA203DE14D0065A6C1 /* Main.storyboard in Resources */,
			);
			runOnlyForDeploymentPostprocessing = 0;
		};
		767BAEE3203DE14D0065A6C1 /* Resources */ = {
			isa = PBXResourcesBuildPhase;
			buildActionMask = 2147483647;
			files = (
			);
			runOnlyForDeploymentPostprocessing = 0;
		};
		767BAEEE203DE14D0065A6C1 /* Resources */ = {
			isa = PBXResourcesBuildPhase;
			buildActionMask = 2147483647;
			files = (
			);
			runOnlyForDeploymentPostprocessing = 0;
		};
/* End PBXResourcesBuildPhase section */

/* Begin PBXSourcesBuildPhase section */
		767BAECD203DE14D0065A6C1 /* Sources */ = {
			isa = PBXSourcesBuildPhase;
			buildActionMask = 2147483647;
			files = (
				7648DD83203DF2B4006C3965 /* FlickrAPI.swift in Sources */,
				767BAF03203DE1BF0065A6C1 /* PhotosViewController.swift in Sources */,
				76A6A206203E063A00435D60 /* PhotoStore.swift in Sources */,
				7672A79E203F1B1C00174524 /* PhotoDataSource.swift in Sources */,
				7672A7A0203F1DB100174524 /* PhotoCollectionViewCell.swift in Sources */,
				7672A7A4203F2CA100174524 /* ImageStore.swift in Sources */,
				767BAED5203DE14D0065A6C1 /* AppDelegate.swift in Sources */,
				76A6A208203E0A2900435D60 /* Photo.swift in Sources */,
				7672A7A6203F2D8700174524 /* PhotoInfoViewController.swift in Sources */,
			);
			runOnlyForDeploymentPostprocessing = 0;
		};
		767BAEE1203DE14D0065A6C1 /* Sources */ = {
			isa = PBXSourcesBuildPhase;
			buildActionMask = 2147483647;
			files = (
				767BAEEA203DE14D0065A6C1 /* PhotoramaTests.swift in Sources */,
			);
			runOnlyForDeploymentPostprocessing = 0;
		};
		767BAEEC203DE14D0065A6C1 /* Sources */ = {
			isa = PBXSourcesBuildPhase;
			buildActionMask = 2147483647;
			files = (
				767BAEF5203DE14D0065A6C1 /* PhotoramaUITests.swift in Sources */,
			);
			runOnlyForDeploymentPostprocessing = 0;
		};
/* End PBXSourcesBuildPhase section */

/* Begin PBXTargetDependency section */
		767BAEE7203DE14D0065A6C1 /* PBXTargetDependency */ = {
			isa = PBXTargetDependency;
			target = 767BAED0203DE14D0065A6C1 /* Photorama */;
			targetProxy = 767BAEE6203DE14D0065A6C1 /* PBXContainerItemProxy */;
		};
		767BAEF2203DE14D0065A6C1 /* PBXTargetDependency */ = {
			isa = PBXTargetDependency;
			target = 767BAED0203DE14D0065A6C1 /* Photorama */;
			targetProxy = 767BAEF1203DE14D0065A6C1 /* PBXContainerItemProxy */;
		};
/* End PBXTargetDependency section */

/* Begin PBXVariantGroup section */
		767BAED8203DE14D0065A6C1 /* Main.storyboard */ = {
			isa = PBXVariantGroup;
			children = (
				767BAED9203DE14D0065A6C1 /* Base */,
			);
			name = Main.storyboard;
			sourceTree = "<group>";
		};
		767BAEDD203DE14D0065A6C1 /* LaunchScreen.storyboard */ = {
			isa = PBXVariantGroup;
			children = (
				767BAEDE203DE14D0065A6C1 /* Base */,
			);
			name = LaunchScreen.storyboard;
			sourceTree = "<group>";
		};
/* End PBXVariantGroup section */

/* Begin XCBuildConfiguration section */
		767BAEF7203DE14D0065A6C1 /* Debug */ = {
			isa = XCBuildConfiguration;
			buildSettings = {
				ALWAYS_SEARCH_USER_PATHS = NO;
				CLANG_ANALYZER_NONNULL = YES;
				CLANG_ANALYZER_NUMBER_OBJECT_CONVERSION = YES_AGGRESSIVE;
				CLANG_CXX_LANGUAGE_STANDARD = "gnu++14";
				CLANG_CXX_LIBRARY = "libc++";
				CLANG_ENABLE_MODULES = YES;
				CLANG_ENABLE_OBJC_ARC = YES;
				CLANG_WARN_BLOCK_CAPTURE_AUTORELEASING = YES;
				CLANG_WARN_BOOL_CONVERSION = YES;
				CLANG_WARN_COMMA = YES;
				CLANG_WARN_CONSTANT_CONVERSION = YES;
				CLANG_WARN_DIRECT_OBJC_ISA_USAGE = YES_ERROR;
				CLANG_WARN_DOCUMENTATION_COMMENTS = YES;
				CLANG_WARN_EMPTY_BODY = YES;
				CLANG_WARN_ENUM_CONVERSION = YES;
				CLANG_WARN_INFINITE_RECURSION = YES;
				CLANG_WARN_INT_CONVERSION = YES;
				CLANG_WARN_NON_LITERAL_NULL_CONVERSION = YES;
				CLANG_WARN_OBJC_LITERAL_CONVERSION = YES;
				CLANG_WARN_OBJC_ROOT_CLASS = YES_ERROR;
				CLANG_WARN_RANGE_LOOP_ANALYSIS = YES;
				CLANG_WARN_STRICT_PROTOTYPES = YES;
				CLANG_WARN_SUSPICIOUS_MOVE = YES;
				CLANG_WARN_UNGUARDED_AVAILABILITY = YES_AGGRESSIVE;
				CLANG_WARN_UNREACHABLE_CODE = YES;
				CLANG_WARN__DUPLICATE_METHOD_MATCH = YES;
				CODE_SIGN_IDENTITY = "iPhone Developer";
				COPY_PHASE_STRIP = NO;
				DEBUG_INFORMATION_FORMAT = dwarf;
				ENABLE_STRICT_OBJC_MSGSEND = YES;
				ENABLE_TESTABILITY = YES;
				GCC_C_LANGUAGE_STANDARD = gnu11;
				GCC_DYNAMIC_NO_PIC = NO;
				GCC_NO_COMMON_BLOCKS = YES;
				GCC_OPTIMIZATION_LEVEL = 0;
				GCC_PREPROCESSOR_DEFINITIONS = (
					"DEBUG=1",
					"$(inherited)",
				);
				GCC_WARN_64_TO_32_BIT_CONVERSION = YES;
				GCC_WARN_ABOUT_RETURN_TYPE = YES_ERROR;
				GCC_WARN_UNDECLARED_SELECTOR = YES;
				GCC_WARN_UNINITIALIZED_AUTOS = YES_AGGRESSIVE;
				GCC_WARN_UNUSED_FUNCTION = YES;
				GCC_WARN_UNUSED_VARIABLE = YES;
				IPHONEOS_DEPLOYMENT_TARGET = 11.2;
				MTL_ENABLE_DEBUG_INFO = YES;
				ONLY_ACTIVE_ARCH = YES;
				SDKROOT = iphoneos;
				SWIFT_ACTIVE_COMPILATION_CONDITIONS = DEBUG;
				SWIFT_OPTIMIZATION_LEVEL = "-Onone";
			};
			name = Debug;
		};
		767BAEF8203DE14D0065A6C1 /* Release */ = {
			isa = XCBuildConfiguration;
			buildSettings = {
				ALWAYS_SEARCH_USER_PATHS = NO;
				CLANG_ANALYZER_NONNULL = YES;
				CLANG_ANALYZER_NUMBER_OBJECT_CONVERSION = YES_AGGRESSIVE;
				CLANG_CXX_LANGUAGE_STANDARD = "gnu++14";
				CLANG_CXX_LIBRARY = "libc++";
				CLANG_ENABLE_MODULES = YES;
				CLANG_ENABLE_OBJC_ARC = YES;
				CLANG_WARN_BLOCK_CAPTURE_AUTORELEASING = YES;
				CLANG_WARN_BOOL_CONVERSION = YES;
				CLANG_WARN_COMMA = YES;
				CLANG_WARN_CONSTANT_CONVERSION = YES;
				CLANG_WARN_DIRECT_OBJC_ISA_USAGE = YES_ERROR;
				CLANG_WARN_DOCUMENTATION_COMMENTS = YES;
				CLANG_WARN_EMPTY_BODY = YES;
				CLANG_WARN_ENUM_CONVERSION = YES;
				CLANG_WARN_INFINITE_RECURSION = YES;
				CLANG_WARN_INT_CONVERSION = YES;
				CLANG_WARN_NON_LITERAL_NULL_CONVERSION = YES;
				CLANG_WARN_OBJC_LITERAL_CONVERSION = YES;
				CLANG_WARN_OBJC_ROOT_CLASS = YES_ERROR;
				CLANG_WARN_RANGE_LOOP_ANALYSIS = YES;
				CLANG_WARN_STRICT_PROTOTYPES = YES;
				CLANG_WARN_SUSPICIOUS_MOVE = YES;
				CLANG_WARN_UNGUARDED_AVAILABILITY = YES_AGGRESSIVE;
				CLANG_WARN_UNREACHABLE_CODE = YES;
				CLANG_WARN__DUPLICATE_METHOD_MATCH = YES;
				CODE_SIGN_IDENTITY = "iPhone Developer";
				COPY_PHASE_STRIP = NO;
				DEBUG_INFORMATION_FORMAT = "dwarf-with-dsym";
				ENABLE_NS_ASSERTIONS = NO;
				ENABLE_STRICT_OBJC_MSGSEND = YES;
				GCC_C_LANGUAGE_STANDARD = gnu11;
				GCC_NO_COMMON_BLOCKS = YES;
				GCC_WARN_64_TO_32_BIT_CONVERSION = YES;
				GCC_WARN_ABOUT_RETURN_TYPE = YES_ERROR;
				GCC_WARN_UNDECLARED_SELECTOR = YES;
				GCC_WARN_UNINITIALIZED_AUTOS = YES_AGGRESSIVE;
				GCC_WARN_UNUSED_FUNCTION = YES;
				GCC_WARN_UNUSED_VARIABLE = YES;
				IPHONEOS_DEPLOYMENT_TARGET = 11.2;
				MTL_ENABLE_DEBUG_INFO = NO;
				SDKROOT = iphoneos;
				SWIFT_OPTIMIZATION_LEVEL = "-Owholemodule";
				VALIDATE_PRODUCT = YES;
			};
			name = Release;
		};
		767BAEFA203DE14D0065A6C1 /* Debug */ = {
			isa = XCBuildConfiguration;
			buildSettings = {
				ASSETCATALOG_COMPILER_APPICON_NAME = AppIcon;
				CODE_SIGN_STYLE = Automatic;
				INFOPLIST_FILE = Photorama/Info.plist;
				LD_RUNPATH_SEARCH_PATHS = "$(inherited) @executable_path/Frameworks";
				PRODUCT_BUNDLE_IDENTIFIER = com.Murillo.Photorama;
				PRODUCT_NAME = "$(TARGET_NAME)";
				SWIFT_VERSION = 4.0;
				TARGETED_DEVICE_FAMILY = "1,2";
			};
			name = Debug;
		};
		767BAEFB203DE14D0065A6C1 /* Release */ = {
			isa = XCBuildConfiguration;
			buildSettings = {
				ASSETCATALOG_COMPILER_APPICON_NAME = AppIcon;
				CODE_SIGN_STYLE = Automatic;
				INFOPLIST_FILE = Photorama/Info.plist;
				LD_RUNPATH_SEARCH_PATHS = "$(inherited) @executable_path/Frameworks";
				PRODUCT_BUNDLE_IDENTIFIER = com.Murillo.Photorama;
				PRODUCT_NAME = "$(TARGET_NAME)";
				SWIFT_VERSION = 4.0;
				TARGETED_DEVICE_FAMILY = "1,2";
			};
			name = Release;
		};
		767BAEFD203DE14D0065A6C1 /* Debug */ = {
			isa = XCBuildConfiguration;
			buildSettings = {
				ALWAYS_EMBED_SWIFT_STANDARD_LIBRARIES = YES;
				BUNDLE_LOADER = "$(TEST_HOST)";
				CODE_SIGN_STYLE = Automatic;
				INFOPLIST_FILE = PhotoramaTests/Info.plist;
				LD_RUNPATH_SEARCH_PATHS = "$(inherited) @executable_path/Frameworks @loader_path/Frameworks";
				PRODUCT_BUNDLE_IDENTIFIER = com.Murillo.PhotoramaTests;
				PRODUCT_NAME = "$(TARGET_NAME)";
				SWIFT_VERSION = 4.0;
				TARGETED_DEVICE_FAMILY = "1,2";
				TEST_HOST = "$(BUILT_PRODUCTS_DIR)/Photorama.app/Photorama";
			};
			name = Debug;
		};
		767BAEFE203DE14D0065A6C1 /* Release */ = {
			isa = XCBuildConfiguration;
			buildSettings = {
				ALWAYS_EMBED_SWIFT_STANDARD_LIBRARIES = YES;
				BUNDLE_LOADER = "$(TEST_HOST)";
				CODE_SIGN_STYLE = Automatic;
				INFOPLIST_FILE = PhotoramaTests/Info.plist;
				LD_RUNPATH_SEARCH_PATHS = "$(inherited) @executable_path/Frameworks @loader_path/Frameworks";
				PRODUCT_BUNDLE_IDENTIFIER = com.Murillo.PhotoramaTests;
				PRODUCT_NAME = "$(TARGET_NAME)";
				SWIFT_VERSION = 4.0;
				TARGETED_DEVICE_FAMILY = "1,2";
				TEST_HOST = "$(BUILT_PRODUCTS_DIR)/Photorama.app/Photorama";
			};
			name = Release;
		};
		767BAF00203DE14D0065A6C1 /* Debug */ = {
			isa = XCBuildConfiguration;
			buildSettings = {
				ALWAYS_EMBED_SWIFT_STANDARD_LIBRARIES = YES;
				CODE_SIGN_STYLE = Automatic;
				INFOPLIST_FILE = PhotoramaUITests/Info.plist;
				LD_RUNPATH_SEARCH_PATHS = "$(inherited) @executable_path/Frameworks @loader_path/Frameworks";
				PRODUCT_BUNDLE_IDENTIFIER = com.Murillo.PhotoramaUITests;
				PRODUCT_NAME = "$(TARGET_NAME)";
				SWIFT_VERSION = 4.0;
				TARGETED_DEVICE_FAMILY = "1,2";
				TEST_TARGET_NAME = Photorama;
			};
			name = Debug;
		};
		767BAF01203DE14D0065A6C1 /* Release */ = {
			isa = XCBuildConfiguration;
			buildSettings = {
				ALWAYS_EMBED_SWIFT_STANDARD_LIBRARIES = YES;
				CODE_SIGN_STYLE = Automatic;
				INFOPLIST_FILE = PhotoramaUITests/Info.plist;
				LD_RUNPATH_SEARCH_PATHS = "$(inherited) @executable_path/Frameworks @loader_path/Frameworks";
				PRODUCT_BUNDLE_IDENTIFIER = com.Murillo.PhotoramaUITests;
				PRODUCT_NAME = "$(TARGET_NAME)";
				SWIFT_VERSION = 4.0;
				TARGETED_DEVICE_FAMILY = "1,2";
				TEST_TARGET_NAME = Photorama;
			};
			name = Release;
		};
/* End XCBuildConfiguration section */

/* Begin XCConfigurationList section */
		767BAECC203DE14D0065A6C1 /* Build configuration list for PBXProject "Photorama" */ = {
			isa = XCConfigurationList;
			buildConfigurations = (
				767BAEF7203DE14D0065A6C1 /* Debug */,
				767BAEF8203DE14D0065A6C1 /* Release */,
			);
			defaultConfigurationIsVisible = 0;
			defaultConfigurationName = Release;
		};
		767BAEF9203DE14D0065A6C1 /* Build configuration list for PBXNativeTarget "Photorama" */ = {
			isa = XCConfigurationList;
			buildConfigurations = (
				767BAEFA203DE14D0065A6C1 /* Debug */,
				767BAEFB203DE14D0065A6C1 /* Release */,
			);
			defaultConfigurationIsVisible = 0;
			defaultConfigurationName = Release;
		};
		767BAEFC203DE14D0065A6C1 /* Build configuration list for PBXNativeTarget "PhotoramaTests" */ = {
			isa = XCConfigurationList;
			buildConfigurations = (
				767BAEFD203DE14D0065A6C1 /* Debug */,
				767BAEFE203DE14D0065A6C1 /* Release */,
			);
			defaultConfigurationIsVisible = 0;
			defaultConfigurationName = Release;
		};
		767BAEFF203DE14D0065A6C1 /* Build configuration list for PBXNativeTarget "PhotoramaUITests" */ = {
			isa = XCConfigurationList;
			buildConfigurations = (
				767BAF00203DE14D0065A6C1 /* Debug */,
				767BAF01203DE14D0065A6C1 /* Release */,
			);
			defaultConfigurationIsVisible = 0;
			defaultConfigurationName = Release;
		};
/* End XCConfigurationList section */
	};
	rootObject = 767BAEC9203DE14D0065A6C1 /* Project object */;
}
